
Microsoft Visual Studio Solution File, Format Version 12.00
# Visual Studio Version 16
VisualStudioVersion = 16.0.29318.209
MinimumVisualStudioVersion = 10.0.40219.1
Project("{FAE04EC0-301F-11D3-BF4B-00C04F79EFBC}") = "ProgressImplementer", "ProgressImplementer\ProgressImplementer.csproj", "{3DC3A165-A1F5-4E73-8B6D-C9771D85A4C0}"
EndProject
Global
	GlobalSection(SolutionConfigurationPlatforms) = preSolution
		Debug|Any CPU = Debug|Any CPU
		Release|Any CPU = Release|Any CPU
	EndGlobalSection
	GlobalSection(ProjectConfigurationPlatforms) = postSolution
		{3DC3A165-A1F5-4E73-8B6D-C9771D85A4C0}.Debug|Any CPU.ActiveCfg = Debug|Any CPU
		{3DC3A165-A1F5-4E73-8B6D-C9771D85A4C0}.Debug|Any CPU.Build.0 = Debug|Any CPU
		{3DC3A165-A1F5-4E73-8B6D-C9771D85A4C0}.Release|Any CPU.ActiveCfg = Release|Any CPU
		{3DC3A165-A1F5-4E73-8B6D-C9771D85A4C0}.Release|Any CPU.Build.0 = Release|Any CPU
	EndGlobalSection
	GlobalSection(SolutionProperties) = preSolution
		HideSolutionNode = FALSE
	EndGlobalSection
	GlobalSection(ExtensibilityGlobals) = postSolution
		SolutionGuid = {2FD58DF2-3184-4182-8488-62F7732DE13C}
	EndGlobalSection
EndGlobal
